
Microsoft Visual Studio Solution File, Format Version 12.00
# Visual Studio Version 16
VisualStudioVersion = 16.0.29009.5
MinimumVisualStudioVersion = 10.0.40219.1
Project("{9A19103F-16F7-4668-BE54-9A1E7A4F7556}") = "BillTracker.Api", "BillTracker.Api\BillTracker.Api.csproj", "{82AD6CE1-B5BA-4742-85CE-9ED9B8827917}"
EndProject
Project("{9A19103F-16F7-4668-BE54-9A1E7A4F7556}") = "BillTracker.Domain", "BillTracker.Model\BillTracker.Domain.csproj", "{1AD9D7B4-AD56-41D8-BB0F-C24D9F10B4D0}"
EndProject
Project("{9A19103F-16F7-4668-BE54-9A1E7A4F7556}") = "BillTracker.EntityFramework", "BillTracker.EntityFramework\BillTracker.EntityFramework.csproj", "{42DEC60E-C09D-4EA0-855B-BA307BE79C17}"
EndProject
Project("{FAE04EC0-301F-11D3-BF4B-00C04F79EFBC}") = "BillTracker.Application", "BillTracker.Application\BillTracker.Application.csproj", "{A3614929-F007-44B9-9806-C030D74FE02A}"
EndProject
Project("{FAE04EC0-301F-11D3-BF4B-00C04F79EFBC}") = "BillTracker.Application.Shared", "BillTracker.Application.Shared\BillTracker.Application.Shared.csproj", "{FC90AD49-26EC-45EC-8202-AE348CF70F5A}"
EndProject
Global
	GlobalSection(SolutionConfigurationPlatforms) = preSolution
		Debug|Any CPU = Debug|Any CPU
		Release|Any CPU = Release|Any CPU
	EndGlobalSection
	GlobalSection(ProjectConfigurationPlatforms) = postSolution
		{82AD6CE1-B5BA-4742-85CE-9ED9B8827917}.Debug|Any CPU.ActiveCfg = Debug|Any CPU
		{82AD6CE1-B5BA-4742-85CE-9ED9B8827917}.Debug|Any CPU.Build.0 = Debug|Any CPU
		{82AD6CE1-B5BA-4742-85CE-9ED9B8827917}.Release|Any CPU.ActiveCfg = Release|Any CPU
		{82AD6CE1-B5BA-4742-85CE-9ED9B8827917}.Release|Any CPU.Build.0 = Release|Any CPU
		{1AD9D7B4-AD56-41D8-BB0F-C24D9F10B4D0}.Debug|Any CPU.ActiveCfg = Debug|Any CPU
		{1AD9D7B4-AD56-41D8-BB0F-C24D9F10B4D0}.Debug|Any CPU.Build.0 = Debug|Any CPU
		{1AD9D7B4-AD56-41D8-BB0F-C24D9F10B4D0}.Release|Any CPU.ActiveCfg = Release|Any CPU
		{1AD9D7B4-AD56-41D8-BB0F-C24D9F10B4D0}.Release|Any CPU.Build.0 = Release|Any CPU
		{42DEC60E-C09D-4EA0-855B-BA307BE79C17}.Debug|Any CPU.ActiveCfg = Debug|Any CPU
		{42DEC60E-C09D-4EA0-855B-BA307BE79C17}.Debug|Any CPU.Build.0 = Debug|Any CPU
		{42DEC60E-C09D-4EA0-855B-BA307BE79C17}.Release|Any CPU.ActiveCfg = Release|Any CPU
		{42DEC60E-C09D-4EA0-855B-BA307BE79C17}.Release|Any CPU.Build.0 = Release|Any CPU
		{A3614929-F007-44B9-9806-C030D74FE02A}.Debug|Any CPU.ActiveCfg = Debug|Any CPU
		{A3614929-F007-44B9-9806-C030D74FE02A}.Debug|Any CPU.Build.0 = Debug|Any CPU
		{A3614929-F007-44B9-9806-C030D74FE02A}.Release|Any CPU.ActiveCfg = Release|Any CPU
		{A3614929-F007-44B9-9806-C030D74FE02A}.Release|Any CPU.Build.0 = Release|Any CPU
		{FC90AD49-26EC-45EC-8202-AE348CF70F5A}.Debug|Any CPU.ActiveCfg = Debug|Any CPU
		{FC90AD49-26EC-45EC-8202-AE348CF70F5A}.Debug|Any CPU.Build.0 = Debug|Any CPU
		{FC90AD49-26EC-45EC-8202-AE348CF70F5A}.Release|Any CPU.ActiveCfg = Release|Any CPU
		{FC90AD49-26EC-45EC-8202-AE348CF70F5A}.Release|Any CPU.Build.0 = Release|Any CPU
	EndGlobalSection
	GlobalSection(SolutionProperties) = preSolution
		HideSolutionNode = FALSE
	EndGlobalSection
	GlobalSection(ExtensibilityGlobals) = postSolution
		SolutionGuid = {13877687-7859-42AD-A675-5C36CE3EF2F3}
	EndGlobalSection
EndGlobal
